
Microsoft Visual Studio Solution File, Format Version 12.00
# Visual Studio 2013
VisualStudioVersion = 12.0.30110.0
MinimumVisualStudioVersion = 10.0.40219.1
Project("{00D1A9C2-B5F0-4AF3-8072-F6C62B433612}") = "NuGet.Services.Work.Database", "src\NuGet.Services.Work.Database\NuGet.Services.Work.Database.sqlproj", "{A8B0845E-CF36-4ADB-B641-CA8542202878}"
EndProject
Project("{FAE04EC0-301F-11D3-BF4B-00C04F79EFBC}") = "NuGet.Services.Work", "src\NuGet.Services.Work\NuGet.Services.Work.csproj", "{7F92C174-5310-4090-A6A3-3CC7C67C19D6}"
EndProject
Project("{FAE04EC0-301F-11D3-BF4B-00C04F79EFBC}") = "NuGet.Services.Work.Facts", "src\NuGet.Services.Work.Facts\NuGet.Services.Work.Facts.csproj", "{4405C24C-7F57-4826-831F-D5D7E139F02E}"
EndProject
Project("{CC5FD16D-436D-48AD-A40C-5A424C6E3E79}") = "NuGet.Services.Work.Cloud", "src\NuGet.Services.Work.Cloud\NuGet.Services.Work.Cloud.ccproj", "{1D0164B6-92D4-455A-AC68-C30B61733748}"
EndProject
Project("{FAE04EC0-301F-11D3-BF4B-00C04F79EFBC}") = "NuGet.Services.Work.Client", "src\NuGet.Services.Work.Client\NuGet.Services.Work.Client.csproj", "{19324B97-1C22-49E2-8C1A-E4EAB682A974}"
EndProject
Project("{2150E333-8FDC-42A3-9474-1A3956D46DE8}") = "Solution Items", "Solution Items", "{01F5D91C-1638-4AC0-A3C1-0D7D172A1E45}"
	ProjectSection(SolutionItems) = preProject
		nuget.config = nuget.config
	EndProjectSection
EndProject
Project("{FAE04EC0-301F-11D3-BF4B-00C04F79EFBC}") = "JobHost", "src\JobHost\JobHost.csproj", "{6A98537C-EE21-46E6-AB13-3E04637A72CF}"
EndProject
Global
	GlobalSection(SolutionConfigurationPlatforms) = preSolution
		Debug|Any CPU = Debug|Any CPU
		Debug|x64 = Debug|x64
		Debug|x86 = Debug|x86
		Release|Any CPU = Release|Any CPU
		Release|x64 = Release|x64
		Release|x86 = Release|x86
	EndGlobalSection
	GlobalSection(ProjectConfigurationPlatforms) = postSolution
		{A8B0845E-CF36-4ADB-B641-CA8542202878}.Debug|Any CPU.ActiveCfg = Debug|Any CPU
		{A8B0845E-CF36-4ADB-B641-CA8542202878}.Debug|Any CPU.Build.0 = Debug|Any CPU
		{A8B0845E-CF36-4ADB-B641-CA8542202878}.Debug|Any CPU.Deploy.0 = Debug|Any CPU
		{A8B0845E-CF36-4ADB-B641-CA8542202878}.Debug|x64.ActiveCfg = Debug|Any CPU
		{A8B0845E-CF36-4ADB-B641-CA8542202878}.Debug|x64.Build.0 = Debug|Any CPU
		{A8B0845E-CF36-4ADB-B641-CA8542202878}.Debug|x64.Deploy.0 = Debug|Any CPU
		{A8B0845E-CF36-4ADB-B641-CA8542202878}.Debug|x86.ActiveCfg = Debug|Any CPU
		{A8B0845E-CF36-4ADB-B641-CA8542202878}.Debug|x86.Build.0 = Debug|Any CPU
		{A8B0845E-CF36-4ADB-B641-CA8542202878}.Debug|x86.Deploy.0 = Debug|Any CPU
		{A8B0845E-CF36-4ADB-B641-CA8542202878}.Release|Any CPU.ActiveCfg = Release|Any CPU
		{A8B0845E-CF36-4ADB-B641-CA8542202878}.Release|Any CPU.Build.0 = Release|Any CPU
		{A8B0845E-CF36-4ADB-B641-CA8542202878}.Release|Any CPU.Deploy.0 = Release|Any CPU
		{A8B0845E-CF36-4ADB-B641-CA8542202878}.Release|x64.ActiveCfg = Release|Any CPU
		{A8B0845E-CF36-4ADB-B641-CA8542202878}.Release|x64.Build.0 = Release|Any CPU
		{A8B0845E-CF36-4ADB-B641-CA8542202878}.Release|x64.Deploy.0 = Release|Any CPU
		{A8B0845E-CF36-4ADB-B641-CA8542202878}.Release|x86.ActiveCfg = Release|Any CPU
		{A8B0845E-CF36-4ADB-B641-CA8542202878}.Release|x86.Build.0 = Release|Any CPU
		{A8B0845E-CF36-4ADB-B641-CA8542202878}.Release|x86.Deploy.0 = Release|Any CPU
		{7F92C174-5310-4090-A6A3-3CC7C67C19D6}.Debug|Any CPU.ActiveCfg = Debug|Any CPU
		{7F92C174-5310-4090-A6A3-3CC7C67C19D6}.Debug|Any CPU.Build.0 = Debug|Any CPU
		{7F92C174-5310-4090-A6A3-3CC7C67C19D6}.Debug|x64.ActiveCfg = Debug|Any CPU
		{7F92C174-5310-4090-A6A3-3CC7C67C19D6}.Debug|x64.Build.0 = Debug|Any CPU
		{7F92C174-5310-4090-A6A3-3CC7C67C19D6}.Debug|x86.ActiveCfg = Debug|Any CPU
		{7F92C174-5310-4090-A6A3-3CC7C67C19D6}.Debug|x86.Build.0 = Debug|Any CPU
		{7F92C174-5310-4090-A6A3-3CC7C67C19D6}.Release|Any CPU.ActiveCfg = Release|Any CPU
		{7F92C174-5310-4090-A6A3-3CC7C67C19D6}.Release|Any CPU.Build.0 = Release|Any CPU
		{7F92C174-5310-4090-A6A3-3CC7C67C19D6}.Release|x64.ActiveCfg = Release|Any CPU
		{7F92C174-5310-4090-A6A3-3CC7C67C19D6}.Release|x64.Build.0 = Release|Any CPU
		{7F92C174-5310-4090-A6A3-3CC7C67C19D6}.Release|x86.ActiveCfg = Release|Any CPU
		{7F92C174-5310-4090-A6A3-3CC7C67C19D6}.Release|x86.Build.0 = Release|Any CPU
		{4405C24C-7F57-4826-831F-D5D7E139F02E}.Debug|Any CPU.ActiveCfg = Debug|Any CPU
		{4405C24C-7F57-4826-831F-D5D7E139F02E}.Debug|Any CPU.Build.0 = Debug|Any CPU
		{4405C24C-7F57-4826-831F-D5D7E139F02E}.Debug|x64.ActiveCfg = Debug|Any CPU
		{4405C24C-7F57-4826-831F-D5D7E139F02E}.Debug|x64.Build.0 = Debug|Any CPU
		{4405C24C-7F57-4826-831F-D5D7E139F02E}.Debug|x86.ActiveCfg = Debug|Any CPU
		{4405C24C-7F57-4826-831F-D5D7E139F02E}.Debug|x86.Build.0 = Debug|Any CPU
		{4405C24C-7F57-4826-831F-D5D7E139F02E}.Release|Any CPU.ActiveCfg = Release|Any CPU
		{4405C24C-7F57-4826-831F-D5D7E139F02E}.Release|Any CPU.Build.0 = Release|Any CPU
		{4405C24C-7F57-4826-831F-D5D7E139F02E}.Release|x64.ActiveCfg = Release|Any CPU
		{4405C24C-7F57-4826-831F-D5D7E139F02E}.Release|x64.Build.0 = Release|Any CPU
		{4405C24C-7F57-4826-831F-D5D7E139F02E}.Release|x86.ActiveCfg = Release|Any CPU
		{4405C24C-7F57-4826-831F-D5D7E139F02E}.Release|x86.Build.0 = Release|Any CPU
		{1D0164B6-92D4-455A-AC68-C30B61733748}.Debug|Any CPU.ActiveCfg = Debug|Any CPU
		{1D0164B6-92D4-455A-AC68-C30B61733748}.Debug|Any CPU.Build.0 = Debug|Any CPU
		{1D0164B6-92D4-455A-AC68-C30B61733748}.Debug|x64.ActiveCfg = Debug|Any CPU
		{1D0164B6-92D4-455A-AC68-C30B61733748}.Debug|x64.Build.0 = Debug|Any CPU
		{1D0164B6-92D4-455A-AC68-C30B61733748}.Debug|x86.ActiveCfg = Debug|Any CPU
		{1D0164B6-92D4-455A-AC68-C30B61733748}.Debug|x86.Build.0 = Debug|Any CPU
		{1D0164B6-92D4-455A-AC68-C30B61733748}.Release|Any CPU.ActiveCfg = Release|Any CPU
		{1D0164B6-92D4-455A-AC68-C30B61733748}.Release|Any CPU.Build.0 = Release|Any CPU
		{1D0164B6-92D4-455A-AC68-C30B61733748}.Release|x64.ActiveCfg = Release|Any CPU
		{1D0164B6-92D4-455A-AC68-C30B61733748}.Release|x64.Build.0 = Release|Any CPU
		{1D0164B6-92D4-455A-AC68-C30B61733748}.Release|x86.ActiveCfg = Release|Any CPU
		{1D0164B6-92D4-455A-AC68-C30B61733748}.Release|x86.Build.0 = Release|Any CPU
		{19324B97-1C22-49E2-8C1A-E4EAB682A974}.Debug|Any CPU.ActiveCfg = Debug|Any CPU
		{19324B97-1C22-49E2-8C1A-E4EAB682A974}.Debug|Any CPU.Build.0 = Debug|Any CPU
		{19324B97-1C22-49E2-8C1A-E4EAB682A974}.Debug|x64.ActiveCfg = Debug|Any CPU
		{19324B97-1C22-49E2-8C1A-E4EAB682A974}.Debug|x64.Build.0 = Debug|Any CPU
		{19324B97-1C22-49E2-8C1A-E4EAB682A974}.Debug|x86.ActiveCfg = Debug|Any CPU
		{19324B97-1C22-49E2-8C1A-E4EAB682A974}.Debug|x86.Build.0 = Debug|Any CPU
		{19324B97-1C22-49E2-8C1A-E4EAB682A974}.Release|Any CPU.ActiveCfg = Release|Any CPU
		{19324B97-1C22-49E2-8C1A-E4EAB682A974}.Release|Any CPU.Build.0 = Release|Any CPU
		{19324B97-1C22-49E2-8C1A-E4EAB682A974}.Release|x64.ActiveCfg = Release|Any CPU
		{19324B97-1C22-49E2-8C1A-E4EAB682A974}.Release|x64.Build.0 = Release|Any CPU
		{19324B97-1C22-49E2-8C1A-E4EAB682A974}.Release|x86.ActiveCfg = Release|Any CPU
		{19324B97-1C22-49E2-8C1A-E4EAB682A974}.Release|x86.Build.0 = Release|Any CPU
		{6A98537C-EE21-46E6-AB13-3E04637A72CF}.Debug|Any CPU.ActiveCfg = Debug|Any CPU
		{6A98537C-EE21-46E6-AB13-3E04637A72CF}.Debug|Any CPU.Build.0 = Debug|Any CPU
		{6A98537C-EE21-46E6-AB13-3E04637A72CF}.Debug|x64.ActiveCfg = Debug|Any CPU
		{6A98537C-EE21-46E6-AB13-3E04637A72CF}.Debug|x86.ActiveCfg = Debug|Any CPU
		{6A98537C-EE21-46E6-AB13-3E04637A72CF}.Release|Any CPU.ActiveCfg = Release|Any CPU
		{6A98537C-EE21-46E6-AB13-3E04637A72CF}.Release|Any CPU.Build.0 = Release|Any CPU
		{6A98537C-EE21-46E6-AB13-3E04637A72CF}.Release|x64.ActiveCfg = Release|Any CPU
		{6A98537C-EE21-46E6-AB13-3E04637A72CF}.Release|x86.ActiveCfg = Release|Any CPU
	EndGlobalSection
	GlobalSection(SolutionProperties) = preSolution
		HideSolutionNode = FALSE
	EndGlobalSection
EndGlobal
